
Microsoft Visual Studio Solution File, Format Version 12.00
# Visual Studio Version 16
VisualStudioVersion = 16.0.28917.181
MinimumVisualStudioVersion = 10.0.40219.1
Project("{8BC9CEB8-8B4A-11D0-8D11-00A0C91BC942}") = "L4client", "L4client\L4client.vcxproj", "{0E057F77-858C-4368-8606-59D45F256C8D}"
EndProject
Project("{8BC9CEB8-8B4A-11D0-8D11-00A0C91BC942}") = "L4server", "L4server\L4server.vcxproj", "{952FC4F7-3809-4FF4-B916-003496F10188}"
EndProject
Global
	GlobalSection(SolutionConfigurationPlatforms) = preSolution
		Debug|x64 = Debug|x64
		Debug|x86 = Debug|x86
		Release|x64 = Release|x64
		Release|x86 = Release|x86
	EndGlobalSection
	GlobalSection(ProjectConfigurationPlatforms) = postSolution
		{0E057F77-858C-4368-8606-59D45F256C8D}.Debug|x64.ActiveCfg = Debug|x64
		{0E057F77-858C-4368-8606-59D45F256C8D}.Debug|x64.Build.0 = Debug|x64
		{0E057F77-858C-4368-8606-59D45F256C8D}.Debug|x86.ActiveCfg = Debug|Win32
		{0E057F77-858C-4368-8606-59D45F256C8D}.Debug|x86.Build.0 = Debug|Win32
		{0E057F77-858C-4368-8606-59D45F256C8D}.Release|x64.ActiveCfg = Release|x64
		{0E057F77-858C-4368-8606-59D45F256C8D}.Release|x64.Build.0 = Release|x64
		{0E057F77-858C-4368-8606-59D45F256C8D}.Release|x86.ActiveCfg = Release|Win32
		{0E057F77-858C-4368-8606-59D45F256C8D}.Release|x86.Build.0 = Release|Win32
		{952FC4F7-3809-4FF4-B916-003496F10188}.Debug|x64.ActiveCfg = Debug|x64
		{952FC4F7-3809-4FF4-B916-003496F10188}.Debug|x64.Build.0 = Debug|x64
		{952FC4F7-3809-4FF4-B916-003496F10188}.Debug|x86.ActiveCfg = Debug|Win32
		{952FC4F7-3809-4FF4-B916-003496F10188}.Debug|x86.Build.0 = Debug|Win32
		{952FC4F7-3809-4FF4-B916-003496F10188}.Release|x64.ActiveCfg = Release|x64
		{952FC4F7-3809-4FF4-B916-003496F10188}.Release|x64.Build.0 = Release|x64
		{952FC4F7-3809-4FF4-B916-003496F10188}.Release|x86.ActiveCfg = Release|Win32
		{952FC4F7-3809-4FF4-B916-003496F10188}.Release|x86.Build.0 = Release|Win32
	EndGlobalSection
	GlobalSection(SolutionProperties) = preSolution
		HideSolutionNode = FALSE
	EndGlobalSection
	GlobalSection(ExtensibilityGlobals) = postSolution
		SolutionGuid = {2F14E402-3AED-43E5-B8A1-9EAB14C85D72}
	EndGlobalSection
EndGlobal
